// !$*UTF8*$!
{
	archiveVersion = 1;
	classes = {
	};
	objectVersion = 56;
	objects = {

/* Begin PBXBuildFile section */
		DA7CA114292966790033DAEB /* CalculatorTheme.swift in Sources */ = {isa = PBXBuildFile; fileRef = DA7CA113292966790033DAEB /* CalculatorTheme.swift */; };
		DA7CA118292FFD410033DAEB /* MathEquation.swift in Sources */ = {isa = PBXBuildFile; fileRef = DA7CA117292FFD410033DAEB /* MathEquation.swift */; };
		DA7DD5032940B53D00266AAF /* orangeTheme.swift in Sources */ = {isa = PBXBuildFile; fileRef = DA7DD4F92940B53C00266AAF /* orangeTheme.swift */; };
		DA7DD5042940B53D00266AAF /* purpleTheme.swift in Sources */ = {isa = PBXBuildFile; fileRef = DA7DD4FA2940B53C00266AAF /* purpleTheme.swift */; };
		DA7DD5052940B53D00266AAF /* darkTheme.swift in Sources */ = {isa = PBXBuildFile; fileRef = DA7DD4FB2940B53C00266AAF /* darkTheme.swift */; };
		DA7DD5062940B53D00266AAF /* bloodOrangeTheme.swift in Sources */ = {isa = PBXBuildFile; fileRef = DA7DD4FC2940B53D00266AAF /* bloodOrangeTheme.swift */; };
		DA7DD5072940B53D00266AAF /* washedOutTheme.swift in Sources */ = {isa = PBXBuildFile; fileRef = DA7DD4FD2940B53D00266AAF /* washedOutTheme.swift */; };
		DA7DD5082940B53D00266AAF /* pinkTheme.swift in Sources */ = {isa = PBXBuildFile; fileRef = DA7DD4FE2940B53D00266AAF /* pinkTheme.swift */; };
		DA7DD5092940B53D00266AAF /* lightTheme.swift in Sources */ = {isa = PBXBuildFile; fileRef = DA7DD4FF2940B53D00266AAF /* lightTheme.swift */; };
		DA7DD50A2940B53D00266AAF /* lightBlueTheme.swift in Sources */ = {isa = PBXBuildFile; fileRef = DA7DD5002940B53D00266AAF /* lightBlueTheme.swift */; };
		DA7DD50B2940B53D00266AAF /* darkBlueTheme.swift in Sources */ = {isa = PBXBuildFile; fileRef = DA7DD5012940B53D00266AAF /* darkBlueTheme.swift */; };
		DA7DD50C2940B53D00266AAF /* electroTheme.swift in Sources */ = {isa = PBXBuildFile; fileRef = DA7DD5022940B53D00266AAF /* electroTheme.swift */; };
		DA7FEB8B293BF54900CAAD35 /* String + Prefix.swift in Sources */ = {isa = PBXBuildFile; fileRef = DA7FEB8A293BF54900CAAD35 /* String + Prefix.swift */; };
		DAD48CBC292423E300E9D4CD /* AppDelegate.swift in Sources */ = {isa = PBXBuildFile; fileRef = DAD48CBB292423E300E9D4CD /* AppDelegate.swift */; };
		DAD48CBE292423E300E9D4CD /* SceneDelegate.swift in Sources */ = {isa = PBXBuildFile; fileRef = DAD48CBD292423E300E9D4CD /* SceneDelegate.swift */; };
		DAD48CC0292423E300E9D4CD /* CalcViewController.swift in Sources */ = {isa = PBXBuildFile; fileRef = DAD48CBF292423E300E9D4CD /* CalcViewController.swift */; };
		DAD48CC3292423E300E9D4CD /* Main.storyboard in Resources */ = {isa = PBXBuildFile; fileRef = DAD48CC1292423E300E9D4CD /* Main.storyboard */; };
		DAD48CC5292423E900E9D4CD /* Assets.xcassets in Resources */ = {isa = PBXBuildFile; fileRef = DAD48CC4292423E900E9D4CD /* Assets.xcassets */; };
		DAD48CC8292423E900E9D4CD /* LaunchScreen.storyboard in Resources */ = {isa = PBXBuildFile; fileRef = DAD48CC6292423E900E9D4CD /* LaunchScreen.storyboard */; };
		DAD48CD3292423E900E9D4CD /* MathEquationTests in Sources */ = {isa = PBXBuildFile; fileRef = DAD48CD2292423E900E9D4CD /* MathEquationTests */; };
		DAE6A68E29377B6C004E4998 /* CalculatorEngine.swift in Sources */ = {isa = PBXBuildFile; fileRef = DAE6A68D29377B6C004E4998 /* CalculatorEngine.swift */; };
		DAE6A69529377CAC004E4998 /* UIColor+HexValue.swift in Sources */ = {isa = PBXBuildFile; fileRef = DAE6A69429377CAC004E4998 /* UIColor+HexValue.swift */; };
		DAE6A69B29387351004E4998 /* MathInputController.swift in Sources */ = {isa = PBXBuildFile; fileRef = DAE6A69A29387351004E4998 /* MathInputController.swift */; };
/* End PBXBuildFile section */

/* Begin PBXContainerItemProxy section */
		DAD48CCF292423E900E9D4CD /* PBXContainerItemProxy */ = {
			isa = PBXContainerItemProxy;
			containerPortal = DAD48CB0292423E300E9D4CD /* Project object */;
			proxyType = 1;
			remoteGlobalIDString = DAD48CB7292423E300E9D4CD;
			remoteInfo = Calc;
		};
		DAD48CD9292423E900E9D4CD /* PBXContainerItemProxy */ = {
			isa = PBXContainerItemProxy;
			containerPortal = DAD48CB0292423E300E9D4CD /* Project object */;
			proxyType = 1;
			remoteGlobalIDString = DAD48CB7292423E300E9D4CD;
			remoteInfo = Calc;
		};
/* End PBXContainerItemProxy section */

/* Begin PBXFileReference section */
		DA7CA113292966790033DAEB /* CalculatorTheme.swift */ = {isa = PBXFileReference; lastKnownFileType = sourcecode.swift; path = CalculatorTheme.swift; sourceTree = "<group>"; };
		DA7CA117292FFD410033DAEB /* MathEquation.swift */ = {isa = PBXFileReference; lastKnownFileType = sourcecode.swift; path = MathEquation.swift; sourceTree = "<group>"; };
		DA7DD4F92940B53C00266AAF /* orangeTheme.swift */ = {isa = PBXFileReference; fileEncoding = 4; lastKnownFileType = sourcecode.swift; path = orangeTheme.swift; sourceTree = "<group>"; };
		DA7DD4FA2940B53C00266AAF /* purpleTheme.swift */ = {isa = PBXFileReference; fileEncoding = 4; lastKnownFileType = sourcecode.swift; path = purpleTheme.swift; sourceTree = "<group>"; };
		DA7DD4FB2940B53C00266AAF /* darkTheme.swift */ = {isa = PBXFileReference; fileEncoding = 4; lastKnownFileType = sourcecode.swift; path = darkTheme.swift; sourceTree = "<group>"; };
		DA7DD4FC2940B53D00266AAF /* bloodOrangeTheme.swift */ = {isa = PBXFileReference; fileEncoding = 4; lastKnownFileType = sourcecode.swift; path = bloodOrangeTheme.swift; sourceTree = "<group>"; };
		DA7DD4FD2940B53D00266AAF /* washedOutTheme.swift */ = {isa = PBXFileReference; fileEncoding = 4; lastKnownFileType = sourcecode.swift; path = washedOutTheme.swift; sourceTree = "<group>"; };
		DA7DD4FE2940B53D00266AAF /* pinkTheme.swift */ = {isa = PBXFileReference; fileEncoding = 4; lastKnownFileType = sourcecode.swift; path = pinkTheme.swift; sourceTree = "<group>"; };
		DA7DD4FF2940B53D00266AAF /* lightTheme.swift */ = {isa = PBXFileReference; fileEncoding = 4; lastKnownFileType = sourcecode.swift; path = lightTheme.swift; sourceTree = "<group>"; };
		DA7DD5002940B53D00266AAF /* lightBlueTheme.swift */ = {isa = PBXFileReference; fileEncoding = 4; lastKnownFileType = sourcecode.swift; path = lightBlueTheme.swift; sourceTree = "<group>"; };
		DA7DD5012940B53D00266AAF /* darkBlueTheme.swift */ = {isa = PBXFileReference; fileEncoding = 4; lastKnownFileType = sourcecode.swift; path = darkBlueTheme.swift; sourceTree = "<group>"; };
		DA7DD5022940B53D00266AAF /* electroTheme.swift */ = {isa = PBXFileReference; fileEncoding = 4; lastKnownFileType = sourcecode.swift; path = electroTheme.swift; sourceTree = "<group>"; };
		DA7FEB8A293BF54900CAAD35 /* String + Prefix.swift */ = {isa = PBXFileReference; lastKnownFileType = sourcecode.swift; path = "String + Prefix.swift"; sourceTree = "<group>"; };
		DAD48CB8292423E300E9D4CD /* Calc.app */ = {isa = PBXFileReference; explicitFileType = wrapper.application; includeInIndex = 0; path = Calc.app; sourceTree = BUILT_PRODUCTS_DIR; };
		DAD48CBB292423E300E9D4CD /* AppDelegate.swift */ = {isa = PBXFileReference; lastKnownFileType = sourcecode.swift; path = AppDelegate.swift; sourceTree = "<group>"; };
		DAD48CBD292423E300E9D4CD /* SceneDelegate.swift */ = {isa = PBXFileReference; lastKnownFileType = sourcecode.swift; path = SceneDelegate.swift; sourceTree = "<group>"; };
		DAD48CBF292423E300E9D4CD /* CalcViewController.swift */ = {isa = PBXFileReference; lastKnownFileType = sourcecode.swift; path = CalcViewController.swift; sourceTree = "<group>"; };
		DAD48CC2292423E300E9D4CD /* Base */ = {isa = PBXFileReference; lastKnownFileType = file.storyboard; name = Base; path = Base.lproj/Main.storyboard; sourceTree = "<group>"; };
		DAD48CC4292423E900E9D4CD /* Assets.xcassets */ = {isa = PBXFileReference; lastKnownFileType = folder.assetcatalog; path = Assets.xcassets; sourceTree = "<group>"; };
		DAD48CC7292423E900E9D4CD /* Base */ = {isa = PBXFileReference; lastKnownFileType = file.storyboard; name = Base; path = Base.lproj/LaunchScreen.storyboard; sourceTree = "<group>"; };
		DAD48CC9292423E900E9D4CD /* Info.plist */ = {isa = PBXFileReference; lastKnownFileType = text.plist.xml; path = Info.plist; sourceTree = "<group>"; };
		DAD48CCE292423E900E9D4CD /* CalcTests.xctest */ = {isa = PBXFileReference; explicitFileType = wrapper.cfbundle; includeInIndex = 0; path = CalcTests.xctest; sourceTree = BUILT_PRODUCTS_DIR; };
		DAD48CD2292423E900E9D4CD /* MathEquationTests */ = {isa = PBXFileReference; lastKnownFileType = text; path = MathEquationTests; sourceTree = "<group>"; };
		DAD48CD8292423E900E9D4CD /* CalcUITests.xctest */ = {isa = PBXFileReference; explicitFileType = wrapper.cfbundle; includeInIndex = 0; path = CalcUITests.xctest; sourceTree = BUILT_PRODUCTS_DIR; };
		DAE6A68D29377B6C004E4998 /* CalculatorEngine.swift */ = {isa = PBXFileReference; fileEncoding = 4; lastKnownFileType = sourcecode.swift; path = CalculatorEngine.swift; sourceTree = "<group>"; };
		DAE6A69429377CAC004E4998 /* UIColor+HexValue.swift */ = {isa = PBXFileReference; fileEncoding = 4; lastKnownFileType = sourcecode.swift; path = "UIColor+HexValue.swift"; sourceTree = "<group>"; };
		DAE6A69A29387351004E4998 /* MathInputController.swift */ = {isa = PBXFileReference; lastKnownFileType = sourcecode.swift; path = MathInputController.swift; sourceTree = "<group>"; };
/* End PBXFileReference section */

/* Begin PBXFrameworksBuildPhase section */
		DAD48CB5292423E300E9D4CD /* Frameworks */ = {
			isa = PBXFrameworksBuildPhase;
			buildActionMask = 2147483647;
			files = (
			);
			runOnlyForDeploymentPostprocessing = 0;
		};
		DAD48CCB292423E900E9D4CD /* Frameworks */ = {
			isa = PBXFrameworksBuildPhase;
			buildActionMask = 2147483647;
			files = (
			);
			runOnlyForDeploymentPostprocessing = 0;
		};
		DAD48CD5292423E900E9D4CD /* Frameworks */ = {
			isa = PBXFrameworksBuildPhase;
			buildActionMask = 2147483647;
			files = (
			);
			runOnlyForDeploymentPostprocessing = 0;
		};
/* End PBXFrameworksBuildPhase section */

/* Begin PBXGroup section */
		DA7DD50D2940C64200266AAF /* Color Theme */ = {
			isa = PBXGroup;
			children = (
				DA7DD4FB2940B53C00266AAF /* darkTheme.swift */,
				DA7DD4FA2940B53C00266AAF /* purpleTheme.swift */,
				DA7DD5022940B53D00266AAF /* electroTheme.swift */,
				DA7DD4F92940B53C00266AAF /* orangeTheme.swift */,
				DA7DD4FD2940B53D00266AAF /* washedOutTheme.swift */,
				DA7DD4FC2940B53D00266AAF /* bloodOrangeTheme.swift */,
				DA7DD5012940B53D00266AAF /* darkBlueTheme.swift */,
				DA7DD5002940B53D00266AAF /* lightBlueTheme.swift */,
				DA7DD4FF2940B53D00266AAF /* lightTheme.swift */,
				DA7DD4FE2940B53D00266AAF /* pinkTheme.swift */,
			);
			path = "Color Theme";
			sourceTree = "<group>";
		};
		DA7FEB8C293BF78200CAAD35 /* Swift Extensions  */ = {
			isa = PBXGroup;
			children = (
				DA7FEB8A293BF54900CAAD35 /* String + Prefix.swift */,
			);
			path = "Swift Extensions ";
			sourceTree = "<group>";
		};
		DAD48CAF292423E300E9D4CD = {
			isa = PBXGroup;
			children = (
				DAD48CBA292423E300E9D4CD /* Calc */,
				DAD48CD1292423E900E9D4CD /* MathEquationTests */,
				DAD48CB9292423E300E9D4CD /* Products */,
			);
			sourceTree = "<group>";
		};
		DAD48CB9292423E300E9D4CD /* Products */ = {
			isa = PBXGroup;
			children = (
				DAD48CB8292423E300E9D4CD /* Calc.app */,
				DAD48CCE292423E900E9D4CD /* CalcTests.xctest */,
				DAD48CD8292423E900E9D4CD /* CalcUITests.xctest */,
			);
			name = Products;
			sourceTree = "<group>";
		};
		DAD48CBA292423E300E9D4CD /* Calc */ = {
			isa = PBXGroup;
			children = (
				DA7FEB8C293BF78200CAAD35 /* Swift Extensions  */,
				DAE6A69029377B92004E4998 /* Presentation Layer */,
				DAE6A698293782C2004E4998 /* Busines Logic Layer */,
				DAE6A6992937834F004E4998 /* Data Layer */,
				DAD48CC4292423E900E9D4CD /* Assets.xcassets */,
				DAD48CC9292423E900E9D4CD /* Info.plist */,
			);
			path = Calc;
			sourceTree = "<group>";
		};
		DAD48CD1292423E900E9D4CD /* MathEquationTests */ = {
			isa = PBXGroup;
			children = (
				DAD48CD2292423E900E9D4CD /* MathEquationTests */,
			);
			path = MathEquationTests;
			sourceTree = "<group>";
		};
		DAE6A69029377B92004E4998 /* Presentation Layer */ = {
			isa = PBXGroup;
			children = (
				DAE6A69229377BFC004E4998 /* UIKIT  Extensions */,
				DAE6A69729378200004E4998 /* UIViewControllers */,
				DAD48CBB292423E300E9D4CD /* AppDelegate.swift */,
				DAD48CBD292423E300E9D4CD /* SceneDelegate.swift */,
				DAE6A696293781B5004E4998 /* Storyboards */,
			);
			path = "Presentation Layer";
			sourceTree = "<group>";
		};
		DAE6A69229377BFC004E4998 /* UIKIT  Extensions */ = {
			isa = PBXGroup;
			children = (
				DAE6A69429377CAC004E4998 /* UIColor+HexValue.swift */,
			);
			path = "UIKIT  Extensions";
			sourceTree = "<group>";
		};
		DAE6A696293781B5004E4998 /* Storyboards */ = {
			isa = PBXGroup;
			children = (
				DAD48CC1292423E300E9D4CD /* Main.storyboard */,
				DAD48CC6292423E900E9D4CD /* LaunchScreen.storyboard */,
			);
			path = Storyboards;
			sourceTree = "<group>";
		};
		DAE6A69729378200004E4998 /* UIViewControllers */ = {
			isa = PBXGroup;
			children = (
				DAD48CBF292423E300E9D4CD /* CalcViewController.swift */,
			);
			path = UIViewControllers;
			sourceTree = "<group>";
		};
		DAE6A698293782C2004E4998 /* Busines Logic Layer */ = {
			isa = PBXGroup;
			children = (
				DAE6A68D29377B6C004E4998 /* CalculatorEngine.swift */,
				DAE6A69A29387351004E4998 /* MathInputController.swift */,
			);
			path = "Busines Logic Layer";
			sourceTree = "<group>";
		};
		DAE6A6992937834F004E4998 /* Data Layer */ = {
			isa = PBXGroup;
			children = (
				DA7CA113292966790033DAEB /* CalculatorTheme.swift */,
				DA7CA117292FFD410033DAEB /* MathEquation.swift */,
				DA7DD50D2940C64200266AAF /* Color Theme */,
			);
			path = "Data Layer";
			sourceTree = "<group>";
		};
/* End PBXGroup section */

/* Begin PBXNativeTarget section */
		DAD48CB7292423E300E9D4CD /* Calc */ = {
			isa = PBXNativeTarget;
			buildConfigurationList = DAD48CE2292423E900E9D4CD /* Build configuration list for PBXNativeTarget "Calc" */;
			buildPhases = (
				DAD48CB4292423E300E9D4CD /* Sources */,
				DAD48CB5292423E300E9D4CD /* Frameworks */,
				DAD48CB6292423E300E9D4CD /* Resources */,
			);
			buildRules = (
			);
			dependencies = (
			);
			name = Calc;
			productName = Calc;
			productReference = DAD48CB8292423E300E9D4CD /* Calc.app */;
			productType = "com.apple.product-type.application";
		};
		DAD48CCD292423E900E9D4CD /* CalcTests */ = {
			isa = PBXNativeTarget;
			buildConfigurationList = DAD48CE5292423E900E9D4CD /* Build configuration list for PBXNativeTarget "CalcTests" */;
			buildPhases = (
				DAD48CCA292423E900E9D4CD /* Sources */,
				DAD48CCB292423E900E9D4CD /* Frameworks */,
				DAD48CCC292423E900E9D4CD /* Resources */,
			);
			buildRules = (
			);
			dependencies = (
				DAD48CD0292423E900E9D4CD /* PBXTargetDependency */,
			);
			name = CalcTests;
			productName = CalcTests;
			productReference = DAD48CCE292423E900E9D4CD /* CalcTests.xctest */;
			productType = "com.apple.product-type.bundle.unit-test";
		};
		DAD48CD7292423E900E9D4CD /* CalcUITests */ = {
			isa = PBXNativeTarget;
			buildConfigurationList = DAD48CE8292423E900E9D4CD /* Build configuration list for PBXNativeTarget "CalcUITests" */;
			buildPhases = (
				DAD48CD4292423E900E9D4CD /* Sources */,
				DAD48CD5292423E900E9D4CD /* Frameworks */,
				DAD48CD6292423E900E9D4CD /* Resources */,
			);
			buildRules = (
			);
			dependencies = (
				DAD48CDA292423E900E9D4CD /* PBXTargetDependency */,
			);
			name = CalcUITests;
			productName = CalcUITests;
			productReference = DAD48CD8292423E900E9D4CD /* CalcUITests.xctest */;
			productType = "com.apple.product-type.bundle.ui-testing";
		};
/* End PBXNativeTarget section */

/* Begin PBXProject section */
		DAD48CB0292423E300E9D4CD /* Project object */ = {
			isa = PBXProject;
			attributes = {
				BuildIndependentTargetsInParallel = 1;
				LastSwiftUpdateCheck = 1410;
				LastUpgradeCheck = 1410;
				TargetAttributes = {
					DAD48CB7292423E300E9D4CD = {
						CreatedOnToolsVersion = 14.1;
					};
					DAD48CCD292423E900E9D4CD = {
						CreatedOnToolsVersion = 14.1;
						TestTargetID = DAD48CB7292423E300E9D4CD;
					};
					DAD48CD7292423E900E9D4CD = {
						CreatedOnToolsVersion = 14.1;
						TestTargetID = DAD48CB7292423E300E9D4CD;
					};
				};
			};
			buildConfigurationList = DAD48CB3292423E300E9D4CD /* Build configuration list for PBXProject "Calc" */;
			compatibilityVersion = "Xcode 14.0";
			developmentRegion = en;
			hasScannedForEncodings = 0;
			knownRegions = (
				en,
				Base,
			);
			mainGroup = DAD48CAF292423E300E9D4CD;
			productRefGroup = DAD48CB9292423E300E9D4CD /* Products */;
			projectDirPath = "";
			projectRoot = "";
			targets = (
				DAD48CB7292423E300E9D4CD /* Calc */,
				DAD48CCD292423E900E9D4CD /* CalcTests */,
				DAD48CD7292423E900E9D4CD /* CalcUITests */,
			);
		};
/* End PBXProject section */

/* Begin PBXResourcesBuildPhase section */
		DAD48CB6292423E300E9D4CD /* Resources */ = {
			isa = PBXResourcesBuildPhase;
			buildActionMask = 2147483647;
			files = (
				DAD48CC8292423E900E9D4CD /* LaunchScreen.storyboard in Resources */,
				DAD48CC5292423E900E9D4CD /* Assets.xcassets in Resources */,
				DAD48CC3292423E300E9D4CD /* Main.storyboard in Resources */,
			);
			runOnlyForDeploymentPostprocessing = 0;
		};
		DAD48CCC292423E900E9D4CD /* Resources */ = {
			isa = PBXResourcesBuildPhase;
			buildActionMask = 2147483647;
			files = (
			);
			runOnlyForDeploymentPostprocessing = 0;
		};
		DAD48CD6292423E900E9D4CD /* Resources */ = {
			isa = PBXResourcesBuildPhase;
			buildActionMask = 2147483647;
			files = (
			);
			runOnlyForDeploymentPostprocessing = 0;
		};
/* End PBXResourcesBuildPhase section */

/* Begin PBXSourcesBuildPhase section */
		DAD48CB4292423E300E9D4CD /* Sources */ = {
			isa = PBXSourcesBuildPhase;
			buildActionMask = 2147483647;
			files = (
				DA7DD5062940B53D00266AAF /* bloodOrangeTheme.swift in Sources */,
				DA7CA118292FFD410033DAEB /* MathEquation.swift in Sources */,
				DAE6A69529377CAC004E4998 /* UIColor+HexValue.swift in Sources */,
				DAE6A69B29387351004E4998 /* MathInputController.swift in Sources */,
				DAD48CC0292423E300E9D4CD /* CalcViewController.swift in Sources */,
				DA7DD50B2940B53D00266AAF /* darkBlueTheme.swift in Sources */,
				DA7FEB8B293BF54900CAAD35 /* String + Prefix.swift in Sources */,
				DA7DD5092940B53D00266AAF /* lightTheme.swift in Sources */,
				DA7DD50C2940B53D00266AAF /* electroTheme.swift in Sources */,
				DA7CA114292966790033DAEB /* CalculatorTheme.swift in Sources */,
				DAD48CBC292423E300E9D4CD /* AppDelegate.swift in Sources */,
				DA7DD5072940B53D00266AAF /* washedOutTheme.swift in Sources */,
				DA7DD5042940B53D00266AAF /* purpleTheme.swift in Sources */,
				DAE6A68E29377B6C004E4998 /* CalculatorEngine.swift in Sources */,
				DAD48CBE292423E300E9D4CD /* SceneDelegate.swift in Sources */,
				DA7DD5032940B53D00266AAF /* orangeTheme.swift in Sources */,
				DA7DD5052940B53D00266AAF /* darkTheme.swift in Sources */,
				DA7DD50A2940B53D00266AAF /* lightBlueTheme.swift in Sources */,
				DA7DD5082940B53D00266AAF /* pinkTheme.swift in Sources */,
			);
			runOnlyForDeploymentPostprocessing = 0;
		};
		DAD48CCA292423E900E9D4CD /* Sources */ = {
			isa = PBXSourcesBuildPhase;
			buildActionMask = 2147483647;
			files = (
				DAD48CD3292423E900E9D4CD /* MathEquationTests in Sources */,
			);
			runOnlyForDeploymentPostprocessing = 0;
		};
		DAD48CD4292423E900E9D4CD /* Sources */ = {
			isa = PBXSourcesBuildPhase;
			buildActionMask = 2147483647;
			files = (
			);
			runOnlyForDeploymentPostprocessing = 0;
		};
/* End PBXSourcesBuildPhase section */

/* Begin PBXTargetDependency section */
		DAD48CD0292423E900E9D4CD /* PBXTargetDependency */ = {
			isa = PBXTargetDependency;
			target = DAD48CB7292423E300E9D4CD /* Calc */;
			targetProxy = DAD48CCF292423E900E9D4CD /* PBXContainerItemProxy */;
		};
		DAD48CDA292423E900E9D4CD /* PBXTargetDependency */ = {
			isa = PBXTargetDependency;
			target = DAD48CB7292423E300E9D4CD /* Calc */;
			targetProxy = DAD48CD9292423E900E9D4CD /* PBXContainerItemProxy */;
		};
/* End PBXTargetDependency section */

/* Begin PBXVariantGroup section */
		DAD48CC1292423E300E9D4CD /* Main.storyboard */ = {
			isa = PBXVariantGroup;
			children = (
				DAD48CC2292423E300E9D4CD /* Base */,
			);
			name = Main.storyboard;
			sourceTree = "<group>";
		};
		DAD48CC6292423E900E9D4CD /* LaunchScreen.storyboard */ = {
			isa = PBXVariantGroup;
			children = (
				DAD48CC7292423E900E9D4CD /* Base */,
			);
			name = LaunchScreen.storyboard;
			sourceTree = "<group>";
		};
/* End PBXVariantGroup section */

/* Begin XCBuildConfiguration section */
		DAD48CE0292423E900E9D4CD /* Debug */ = {
			isa = XCBuildConfiguration;
			buildSettings = {
				ALWAYS_SEARCH_USER_PATHS = NO;
				CLANG_ANALYZER_NONNULL = YES;
				CLANG_ANALYZER_NUMBER_OBJECT_CONVERSION = YES_AGGRESSIVE;
				CLANG_CXX_LANGUAGE_STANDARD = "gnu++20";
				CLANG_ENABLE_MODULES = YES;
				CLANG_ENABLE_OBJC_ARC = YES;
				CLANG_ENABLE_OBJC_WEAK = YES;
				CLANG_WARN_BLOCK_CAPTURE_AUTORELEASING = YES;
				CLANG_WARN_BOOL_CONVERSION = YES;
				CLANG_WARN_COMMA = YES;
				CLANG_WARN_CONSTANT_CONVERSION = YES;
				CLANG_WARN_DEPRECATED_OBJC_IMPLEMENTATIONS = YES;
				CLANG_WARN_DIRECT_OBJC_ISA_USAGE = YES_ERROR;
				CLANG_WARN_DOCUMENTATION_COMMENTS = YES;
				CLANG_WARN_EMPTY_BODY = YES;
				CLANG_WARN_ENUM_CONVERSION = YES;
				CLANG_WARN_INFINITE_RECURSION = YES;
				CLANG_WARN_INT_CONVERSION = YES;
				CLANG_WARN_NON_LITERAL_NULL_CONVERSION = YES;
				CLANG_WARN_OBJC_IMPLICIT_RETAIN_SELF = YES;
				CLANG_WARN_OBJC_LITERAL_CONVERSION = YES;
				CLANG_WARN_OBJC_ROOT_CLASS = YES_ERROR;
				CLANG_WARN_QUOTED_INCLUDE_IN_FRAMEWORK_HEADER = YES;
				CLANG_WARN_RANGE_LOOP_ANALYSIS = YES;
				CLANG_WARN_STRICT_PROTOTYPES = YES;
				CLANG_WARN_SUSPICIOUS_MOVE = YES;
				CLANG_WARN_UNGUARDED_AVAILABILITY = YES_AGGRESSIVE;
				CLANG_WARN_UNREACHABLE_CODE = YES;
				CLANG_WARN__DUPLICATE_METHOD_MATCH = YES;
				COPY_PHASE_STRIP = NO;
				DEBUG_INFORMATION_FORMAT = dwarf;
				ENABLE_STRICT_OBJC_MSGSEND = YES;
				ENABLE_TESTABILITY = YES;
				GCC_C_LANGUAGE_STANDARD = gnu11;
				GCC_DYNAMIC_NO_PIC = NO;
				GCC_NO_COMMON_BLOCKS = YES;
				GCC_OPTIMIZATION_LEVEL = 0;
				GCC_PREPROCESSOR_DEFINITIONS = (
					"DEBUG=1",
					"$(inherited)",
				);
				GCC_WARN_64_TO_32_BIT_CONVERSION = YES;
				GCC_WARN_ABOUT_RETURN_TYPE = YES_ERROR;
				GCC_WARN_UNDECLARED_SELECTOR = YES;
				GCC_WARN_UNINITIALIZED_AUTOS = YES_AGGRESSIVE;
				GCC_WARN_UNUSED_FUNCTION = YES;
				GCC_WARN_UNUSED_VARIABLE = YES;
				IPHONEOS_DEPLOYMENT_TARGET = 16.1;
				MTL_ENABLE_DEBUG_INFO = INCLUDE_SOURCE;
				MTL_FAST_MATH = YES;
				ONLY_ACTIVE_ARCH = YES;
				SDKROOT = iphoneos;
				SWIFT_ACTIVE_COMPILATION_CONDITIONS = DEBUG;
				SWIFT_OPTIMIZATION_LEVEL = "-Onone";
			};
			name = Debug;
		};
		DAD48CE1292423E900E9D4CD /* Release */ = {
			isa = XCBuildConfiguration;
			buildSettings = {
				ALWAYS_SEARCH_USER_PATHS = NO;
				CLANG_ANALYZER_NONNULL = YES;
				CLANG_ANALYZER_NUMBER_OBJECT_CONVERSION = YES_AGGRESSIVE;
				CLANG_CXX_LANGUAGE_STANDARD = "gnu++20";
				CLANG_ENABLE_MODULES = YES;
				CLANG_ENABLE_OBJC_ARC = YES;
				CLANG_ENABLE_OBJC_WEAK = YES;
				CLANG_WARN_BLOCK_CAPTURE_AUTORELEASING = YES;
				CLANG_WARN_BOOL_CONVERSION = YES;
				CLANG_WARN_COMMA = YES;
				CLANG_WARN_CONSTANT_CONVERSION = YES;
				CLANG_WARN_DEPRECATED_OBJC_IMPLEMENTATIONS = YES;
				CLANG_WARN_DIRECT_OBJC_ISA_USAGE = YES_ERROR;
				CLANG_WARN_DOCUMENTATION_COMMENTS = YES;
				CLANG_WARN_EMPTY_BODY = YES;
				CLANG_WARN_ENUM_CONVERSION = YES;
				CLANG_WARN_INFINITE_RECURSION = YES;
				CLANG_WARN_INT_CONVERSION = YES;
				CLANG_WARN_NON_LITERAL_NULL_CONVERSION = YES;
				CLANG_WARN_OBJC_IMPLICIT_RETAIN_SELF = YES;
				CLANG_WARN_OBJC_LITERAL_CONVERSION = YES;
				CLANG_WARN_OBJC_ROOT_CLASS = YES_ERROR;
				CLANG_WARN_QUOTED_INCLUDE_IN_FRAMEWORK_HEADER = YES;
				CLANG_WARN_RANGE_LOOP_ANALYSIS = YES;
				CLANG_WARN_STRICT_PROTOTYPES = YES;
				CLANG_WARN_SUSPICIOUS_MOVE = YES;
				CLANG_WARN_UNGUARDED_AVAILABILITY = YES_AGGRESSIVE;
				CLANG_WARN_UNREACHABLE_CODE = YES;
				CLANG_WARN__DUPLICATE_METHOD_MATCH = YES;
				COPY_PHASE_STRIP = NO;
				DEBUG_INFORMATION_FORMAT = "dwarf-with-dsym";
				ENABLE_NS_ASSERTIONS = NO;
				ENABLE_STRICT_OBJC_MSGSEND = YES;
				GCC_C_LANGUAGE_STANDARD = gnu11;
				GCC_NO_COMMON_BLOCKS = YES;
				GCC_WARN_64_TO_32_BIT_CONVERSION = YES;
				GCC_WARN_ABOUT_RETURN_TYPE = YES_ERROR;
				GCC_WARN_UNDECLARED_SELECTOR = YES;
				GCC_WARN_UNINITIALIZED_AUTOS = YES_AGGRESSIVE;
				GCC_WARN_UNUSED_FUNCTION = YES;
				GCC_WARN_UNUSED_VARIABLE = YES;
				IPHONEOS_DEPLOYMENT_TARGET = 16.1;
				MTL_ENABLE_DEBUG_INFO = NO;
				MTL_FAST_MATH = YES;
				SDKROOT = iphoneos;
				SWIFT_COMPILATION_MODE = wholemodule;
				SWIFT_OPTIMIZATION_LEVEL = "-O";
				VALIDATE_PRODUCT = YES;
			};
			name = Release;
		};
		DAD48CE3292423E900E9D4CD /* Debug */ = {
			isa = XCBuildConfiguration;
			buildSettings = {
				ASSETCATALOG_COMPILER_APPICON_NAME = AppIcon;
				ASSETCATALOG_COMPILER_GLOBAL_ACCENT_COLOR_NAME = AccentColor;
				CODE_SIGN_STYLE = Automatic;
				CURRENT_PROJECT_VERSION = 1;
				GENERATE_INFOPLIST_FILE = YES;
				INFOPLIST_FILE = Calc/Info.plist;
				INFOPLIST_KEY_UIApplicationSupportsIndirectInputEvents = YES;
				INFOPLIST_KEY_UILaunchStoryboardName = LaunchScreen;
				INFOPLIST_KEY_UIMainStoryboardFile = Main;
				INFOPLIST_KEY_UISupportedInterfaceOrientations_iPad = "UIInterfaceOrientationPortrait UIInterfaceOrientationPortraitUpsideDown UIInterfaceOrientationLandscapeLeft UIInterfaceOrientationLandscapeRight";
				INFOPLIST_KEY_UISupportedInterfaceOrientations_iPhone = "UIInterfaceOrientationPortrait UIInterfaceOrientationLandscapeLeft UIInterfaceOrientationLandscapeRight";
				LD_RUNPATH_SEARCH_PATHS = (
					"$(inherited)",
					"@executable_path/Frameworks",
				);
				MARKETING_VERSION = 1.0;
				PRODUCT_BUNDLE_IDENTIFIER = test.Calc;
				PRODUCT_NAME = "$(TARGET_NAME)";
				SWIFT_EMIT_LOC_STRINGS = YES;
				SWIFT_VERSION = 5.0;
				TARGETED_DEVICE_FAMILY = "1,2";
			};
			name = Debug;
		};
		DAD48CE4292423E900E9D4CD /* Release */ = {
			isa = XCBuildConfiguration;
			buildSettings = {
				ASSETCATALOG_COMPILER_APPICON_NAME = AppIcon;
				ASSETCATALOG_COMPILER_GLOBAL_ACCENT_COLOR_NAME = AccentColor;
				CODE_SIGN_STYLE = Automatic;
				CURRENT_PROJECT_VERSION = 1;
				GENERATE_INFOPLIST_FILE = YES;
				INFOPLIST_FILE = Calc/Info.plist;
				INFOPLIST_KEY_UIApplicationSupportsIndirectInputEvents = YES;
				INFOPLIST_KEY_UILaunchStoryboardName = LaunchScreen;
				INFOPLIST_KEY_UIMainStoryboardFile = Main;
				INFOPLIST_KEY_UISupportedInterfaceOrientations_iPad = "UIInterfaceOrientationPortrait UIInterfaceOrientationPortraitUpsideDown UIInterfaceOrientationLandscapeLeft UIInterfaceOrientationLandscapeRight";
				INFOPLIST_KEY_UISupportedInterfaceOrientations_iPhone = "UIInterfaceOrientationPortrait UIInterfaceOrientationLandscapeLeft UIInterfaceOrientationLandscapeRight";
				LD_RUNPATH_SEARCH_PATHS = (
					"$(inherited)",
					"@executable_path/Frameworks",
				);
				MARKETING_VERSION = 1.0;
				PRODUCT_BUNDLE_IDENTIFIER = test.Calc;
				PRODUCT_NAME = "$(TARGET_NAME)";
				SWIFT_EMIT_LOC_STRINGS = YES;
				SWIFT_VERSION = 5.0;
				TARGETED_DEVICE_FAMILY = "1,2";
			};
			name = Release;
		};
		DAD48CE6292423E900E9D4CD /* Debug */ = {
			isa = XCBuildConfiguration;
			buildSettings = {
				ALWAYS_EMBED_SWIFT_STANDARD_LIBRARIES = YES;
				BUNDLE_LOADER = "$(TEST_HOST)";
				CODE_SIGN_STYLE = Automatic;
				CURRENT_PROJECT_VERSION = 1;
				GENERATE_INFOPLIST_FILE = YES;
				IPHONEOS_DEPLOYMENT_TARGET = 16.1;
				MARKETING_VERSION = 1.0;
				PRODUCT_BUNDLE_IDENTIFIER = test.CalcTests;
				PRODUCT_NAME = "$(TARGET_NAME)";
				SWIFT_EMIT_LOC_STRINGS = NO;
				SWIFT_VERSION = 5.0;
				TARGETED_DEVICE_FAMILY = "1,2";
				TEST_HOST = "$(BUILT_PRODUCTS_DIR)/Calc.app/$(BUNDLE_EXECUTABLE_FOLDER_PATH)/Calc";
			};
			name = Debug;
		};
		DAD48CE7292423E900E9D4CD /* Release */ = {
			isa = XCBuildConfiguration;
			buildSettings = {
				ALWAYS_EMBED_SWIFT_STANDARD_LIBRARIES = YES;
				BUNDLE_LOADER = "$(TEST_HOST)";
				CODE_SIGN_STYLE = Automatic;
				CURRENT_PROJECT_VERSION = 1;
				GENERATE_INFOPLIST_FILE = YES;
				IPHONEOS_DEPLOYMENT_TARGET = 16.1;
				MARKETING_VERSION = 1.0;
				PRODUCT_BUNDLE_IDENTIFIER = test.CalcTests;
				PRODUCT_NAME = "$(TARGET_NAME)";
				SWIFT_EMIT_LOC_STRINGS = NO;
				SWIFT_VERSION = 5.0;
				TARGETED_DEVICE_FAMILY = "1,2";
				TEST_HOST = "$(BUILT_PRODUCTS_DIR)/Calc.app/$(BUNDLE_EXECUTABLE_FOLDER_PATH)/Calc";
			};
			name = Release;
		};
		DAD48CE9292423E900E9D4CD /* Debug */ = {
			isa = XCBuildConfiguration;
			buildSettings = {
				ALWAYS_EMBED_SWIFT_STANDARD_LIBRARIES = YES;
				CODE_SIGN_STYLE = Automatic;
				CURRENT_PROJECT_VERSION = 1;
				GENERATE_INFOPLIST_FILE = YES;
				MARKETING_VERSION = 1.0;
				PRODUCT_BUNDLE_IDENTIFIER = test.CalcUITests;
				PRODUCT_NAME = "$(TARGET_NAME)";
				SWIFT_EMIT_LOC_STRINGS = NO;
				SWIFT_VERSION = 5.0;
				TARGETED_DEVICE_FAMILY = "1,2";
				TEST_TARGET_NAME = Calc;
			};
			name = Debug;
		};
		DAD48CEA292423E900E9D4CD /* Release */ = {
			isa = XCBuildConfiguration;
			buildSettings = {
				ALWAYS_EMBED_SWIFT_STANDARD_LIBRARIES = YES;
				CODE_SIGN_STYLE = Automatic;
				CURRENT_PROJECT_VERSION = 1;
				GENERATE_INFOPLIST_FILE = YES;
				MARKETING_VERSION = 1.0;
				PRODUCT_BUNDLE_IDENTIFIER = test.CalcUITests;
				PRODUCT_NAME = "$(TARGET_NAME)";
				SWIFT_EMIT_LOC_STRINGS = NO;
				SWIFT_VERSION = 5.0;
				TARGETED_DEVICE_FAMILY = "1,2";
				TEST_TARGET_NAME = Calc;
			};
			name = Release;
		};
/* End XCBuildConfiguration section */

/* Begin XCConfigurationList section */
		DAD48CB3292423E300E9D4CD /* Build configuration list for PBXProject "Calc" */ = {
			isa = XCConfigurationList;
			buildConfigurations = (
				DAD48CE0292423E900E9D4CD /* Debug */,
				DAD48CE1292423E900E9D4CD /* Release */,
			);
			defaultConfigurationIsVisible = 0;
			defaultConfigurationName = Release;
		};
		DAD48CE2292423E900E9D4CD /* Build configuration list for PBXNativeTarget "Calc" */ = {
			isa = XCConfigurationList;
			buildConfigurations = (
				DAD48CE3292423E900E9D4CD /* Debug */,
				DAD48CE4292423E900E9D4CD /* Release */,
			);
			defaultConfigurationIsVisible = 0;
			defaultConfigurationName = Release;
		};
		DAD48CE5292423E900E9D4CD /* Build configuration list for PBXNativeTarget "CalcTests" */ = {
			isa = XCConfigurationList;
			buildConfigurations = (
				DAD48CE6292423E900E9D4CD /* Debug */,
				DAD48CE7292423E900E9D4CD /* Release */,
			);
			defaultConfigurationIsVisible = 0;
			defaultConfigurationName = Release;
		};
		DAD48CE8292423E900E9D4CD /* Build configuration list for PBXNativeTarget "CalcUITests" */ = {
			isa = XCConfigurationList;
			buildConfigurations = (
				DAD48CE9292423E900E9D4CD /* Debug */,
				DAD48CEA292423E900E9D4CD /* Release */,
			);
			defaultConfigurationIsVisible = 0;
			defaultConfigurationName = Release;
		};
/* End XCConfigurationList section */
	};
	rootObject = DAD48CB0292423E300E9D4CD /* Project object */;
}
